<Solution>
  <Folder Name="/src/">
    <Project Path="CatalogService/CatalogService.csproj" />
    <Project Path="Visiativ.ApiService/Visiativ.ApiService.csproj" />
    <Project Path="Visiativ.Web/Visiativ.Web.csproj" />
  </Folder>
  <Folder Name="/tests/">
    <Project Path="Visiativ.Tests/Visiativ.Tests.csproj" />
  </Folder>
  <Project Path="Visiativ.AppHost/Visiativ.AppHost.csproj" />
  <Project Path="Visiativ.ServiceDefaults/Visiativ.ServiceDefaults.csproj" />
</Solution>
