<Solution>
  <Folder Name="/src/">
    <Project Path="src/BasketService/BasketService.csproj" Id="3f886aef-0d5c-4fc7-ac6e-47f10566fd25" />
    <Project Path="src/CatalogService/CatalogService.csproj" />
    <Project Path="src/Visiativ.ApiService/Visiativ.ApiService.csproj" />
    <Project Path="src/Visiativ.AppHost/Visiativ.AppHost.csproj" />
    <Project Path="src/Visiativ.ServiceDefaults/Visiativ.ServiceDefaults.csproj" />
    <Project Path="src/Visiativ.Web/Visiativ.Web.csproj" />
  </Folder>
  <Folder Name="/docs/">
    <File Path="docs/1_quick-start.md" />
    <File Path="docs/2_architecture.md" />
    <File Path="docs/3_technical-documentation.catalogservice.md" />
    <File Path="docs/4_technical-documentation.basketservice.md" />
    <File Path="docs/5_technical-documentation.apiservice.md" />
  </Folder>
  <Folder Name="/tests/">
    <Project Path="tests/BasketService.Tests/BasketService.Tests.csproj" />
    <Project Path="tests/CatalogService.Tests/CatalogService.Tests.csproj" />
    <Project Path="tests/Visiativ.ApiService.Tests/Visiativ.ApiService.Tests.csproj" />
    <Project Path="tests/Visiativ.Web.Tests/Visiativ.Web.Tests.csproj" />
  </Folder>
</Solution>
